
Microsoft Visual Studio Solution File, Format Version 12.00
# Visual Studio Version 17
VisualStudioVersion = 17.13.35913.81 d17.13
MinimumVisualStudioVersion = 10.0.40219.1
Project("{FAE04EC0-301F-11D3-BF4B-00C04F79EFBC}") = "FelevesFeladat", "FelevesFeladat\FelevesFeladat.csproj", "{A0145A29-2051-48B7-8638-F07AB64C5ABD}"
EndProject
Global
	GlobalSection(SolutionConfigurationPlatforms) = preSolution
		Debug|Any CPU = Debug|Any CPU
		Release|Any CPU = Release|Any CPU
	EndGlobalSection
	GlobalSection(ProjectConfigurationPlatforms) = postSolution
		{A0145A29-2051-48B7-8638-F07AB64C5ABD}.Debug|Any CPU.ActiveCfg = Debug|Any CPU
		{A0145A29-2051-48B7-8638-F07AB64C5ABD}.Debug|Any CPU.Build.0 = Debug|Any CPU
		{A0145A29-2051-48B7-8638-F07AB64C5ABD}.Release|Any CPU.ActiveCfg = Release|Any CPU
		{A0145A29-2051-48B7-8638-F07AB64C5ABD}.Release|Any CPU.Build.0 = Release|Any CPU
	EndGlobalSection
	GlobalSection(SolutionProperties) = preSolution
		HideSolutionNode = FALSE
	EndGlobalSection
	GlobalSection(ExtensibilityGlobals) = postSolution
		SolutionGuid = {387A9FF9-C668-4BA8-BFAE-07100DC64FEB}
	EndGlobalSection
EndGlobal
